// !$*UTF8*$!
{
	archiveVersion = 1;
	classes = {
	};
	objectVersion = 48;
	objects = {

/* Begin PBXBuildFile section */
		78E780C47929C0C05BE5237F /* Pods_storageleaf.framework in Frameworks */ = {isa = PBXBuildFile; fileRef = 6709690FF871ED7AB689B35D /* Pods_storageleaf.framework */; };
		C846363C2072417600B024DD /* MaterialTableViewCell.xib in Resources */ = {isa = PBXBuildFile; fileRef = C846363B2072417600B024DD /* MaterialTableViewCell.xib */; };
		C846364020724EFA00B024DD /* MaterialTableViewCell.swift in Sources */ = {isa = PBXBuildFile; fileRef = C846363F20724EFA00B024DD /* MaterialTableViewCell.swift */; };
		DB115C4B207209680086159E /* SaveMaterialViewController.swift in Sources */ = {isa = PBXBuildFile; fileRef = DB115C4A207209680086159E /* SaveMaterialViewController.swift */; };
		DB115C4D20720E4D0086159E /* DeleteMaterialViewController.swift in Sources */ = {isa = PBXBuildFile; fileRef = DB115C4C20720E4D0086159E /* DeleteMaterialViewController.swift */; };
		DB115C5120721A5B0086159E /* .gitignore in Resources */ = {isa = PBXBuildFile; fileRef = DB115C5020721A5B0086159E /* .gitignore */; };
		DB115C532072386E0086159E /* ListMaterialViewController.swift in Sources */ = {isa = PBXBuildFile; fileRef = DB115C522072386E0086159E /* ListMaterialViewController.swift */; };
		DB115C5520723A430086159E /* ReportMaterialViewController.swift in Sources */ = {isa = PBXBuildFile; fileRef = DB115C5420723A430086159E /* ReportMaterialViewController.swift */; };
		DB115C5720724A1D0086159E /* StorageMaterialViewController.swift in Sources */ = {isa = PBXBuildFile; fileRef = DB115C5620724A1D0086159E /* StorageMaterialViewController.swift */; };
		DB4562A720715C9E00FEE0E3 /* AppDelegate.swift in Sources */ = {isa = PBXBuildFile; fileRef = DB4562A620715C9E00FEE0E3 /* AppDelegate.swift */; };
		DB4562A920715C9E00FEE0E3 /* ViewController.swift in Sources */ = {isa = PBXBuildFile; fileRef = DB4562A820715C9E00FEE0E3 /* ViewController.swift */; };
		DB4562AC20715C9E00FEE0E3 /* Main.storyboard in Resources */ = {isa = PBXBuildFile; fileRef = DB4562AA20715C9E00FEE0E3 /* Main.storyboard */; };
		DB4562AE20715C9E00FEE0E3 /* Assets.xcassets in Resources */ = {isa = PBXBuildFile; fileRef = DB4562AD20715C9E00FEE0E3 /* Assets.xcassets */; };
		DB4562B120715C9E00FEE0E3 /* LaunchScreen.storyboard in Resources */ = {isa = PBXBuildFile; fileRef = DB4562AF20715C9E00FEE0E3 /* LaunchScreen.storyboard */; };
/* End PBXBuildFile section */

/* Begin PBXFileReference section */
		6709690FF871ED7AB689B35D /* Pods_storageleaf.framework */ = {isa = PBXFileReference; explicitFileType = wrapper.framework; includeInIndex = 0; path = Pods_storageleaf.framework; sourceTree = BUILT_PRODUCTS_DIR; };
		95BC16D7558E812C2FA838F0 /* Pods-storageleaf.debug.xcconfig */ = {isa = PBXFileReference; includeInIndex = 1; lastKnownFileType = text.xcconfig; name = "Pods-storageleaf.debug.xcconfig"; path = "Pods/Target Support Files/Pods-storageleaf/Pods-storageleaf.debug.xcconfig"; sourceTree = "<group>"; };
		ABAF2B2F215858A2A850E784 /* Pods-storageleaf.release.xcconfig */ = {isa = PBXFileReference; includeInIndex = 1; lastKnownFileType = text.xcconfig; name = "Pods-storageleaf.release.xcconfig"; path = "Pods/Target Support Files/Pods-storageleaf/Pods-storageleaf.release.xcconfig"; sourceTree = "<group>"; };
		C846363B2072417600B024DD /* MaterialTableViewCell.xib */ = {isa = PBXFileReference; lastKnownFileType = file.xib; path = MaterialTableViewCell.xib; sourceTree = "<group>"; };
		C846363F20724EFA00B024DD /* MaterialTableViewCell.swift */ = {isa = PBXFileReference; lastKnownFileType = sourcecode.swift; path = MaterialTableViewCell.swift; sourceTree = "<group>"; };
		DB115C4A207209680086159E /* SaveMaterialViewController.swift */ = {isa = PBXFileReference; lastKnownFileType = sourcecode.swift; path = SaveMaterialViewController.swift; sourceTree = "<group>"; };
		DB115C4C20720E4D0086159E /* DeleteMaterialViewController.swift */ = {isa = PBXFileReference; lastKnownFileType = sourcecode.swift; path = DeleteMaterialViewController.swift; sourceTree = "<group>"; };
		DB115C5020721A5B0086159E /* .gitignore */ = {isa = PBXFileReference; lastKnownFileType = text; path = .gitignore; sourceTree = "<group>"; };
		DB115C522072386E0086159E /* ListMaterialViewController.swift */ = {isa = PBXFileReference; lastKnownFileType = sourcecode.swift; path = ListMaterialViewController.swift; sourceTree = "<group>"; };
		DB115C5420723A430086159E /* ReportMaterialViewController.swift */ = {isa = PBXFileReference; lastKnownFileType = sourcecode.swift; path = ReportMaterialViewController.swift; sourceTree = "<group>"; };
		DB115C5620724A1D0086159E /* StorageMaterialViewController.swift */ = {isa = PBXFileReference; lastKnownFileType = sourcecode.swift; path = StorageMaterialViewController.swift; sourceTree = "<group>"; };
		DB4562A320715C9E00FEE0E3 /* storageleaf.app */ = {isa = PBXFileReference; explicitFileType = wrapper.application; includeInIndex = 0; path = storageleaf.app; sourceTree = BUILT_PRODUCTS_DIR; };
		DB4562A620715C9E00FEE0E3 /* AppDelegate.swift */ = {isa = PBXFileReference; lastKnownFileType = sourcecode.swift; path = AppDelegate.swift; sourceTree = "<group>"; };
		DB4562A820715C9E00FEE0E3 /* ViewController.swift */ = {isa = PBXFileReference; lastKnownFileType = sourcecode.swift; path = ViewController.swift; sourceTree = "<group>"; };
		DB4562AB20715C9E00FEE0E3 /* Base */ = {isa = PBXFileReference; lastKnownFileType = file.storyboard; name = Base; path = Base.lproj/Main.storyboard; sourceTree = "<group>"; };
		DB4562AD20715C9E00FEE0E3 /* Assets.xcassets */ = {isa = PBXFileReference; lastKnownFileType = folder.assetcatalog; path = Assets.xcassets; sourceTree = "<group>"; };
		DB4562B020715C9E00FEE0E3 /* Base */ = {isa = PBXFileReference; lastKnownFileType = file.storyboard; name = Base; path = Base.lproj/LaunchScreen.storyboard; sourceTree = "<group>"; };
		DB4562B220715C9E00FEE0E3 /* Info.plist */ = {isa = PBXFileReference; lastKnownFileType = text.plist.xml; path = Info.plist; sourceTree = "<group>"; };
/* End PBXFileReference section */

/* Begin PBXFrameworksBuildPhase section */
		DB4562A020715C9E00FEE0E3 /* Frameworks */ = {
			isa = PBXFrameworksBuildPhase;
			buildActionMask = 2147483647;
			files = (
				78E780C47929C0C05BE5237F /* Pods_storageleaf.framework in Frameworks */,
			);
			runOnlyForDeploymentPostprocessing = 0;
		};
/* End PBXFrameworksBuildPhase section */

/* Begin PBXGroup section */
		1F99B8E5D747FD060E25EC81 /* Frameworks */ = {
			isa = PBXGroup;
			children = (
				6709690FF871ED7AB689B35D /* Pods_storageleaf.framework */,
			);
			name = Frameworks;
			sourceTree = "<group>";
		};
		4F571D0DAD92808D791C5A4E /* Pods */ = {
			isa = PBXGroup;
			children = (
				95BC16D7558E812C2FA838F0 /* Pods-storageleaf.debug.xcconfig */,
				ABAF2B2F215858A2A850E784 /* Pods-storageleaf.release.xcconfig */,
			);
			name = Pods;
			sourceTree = "<group>";
		};
		DB45629A20715C9E00FEE0E3 = {
			isa = PBXGroup;
			children = (
				DB115C5020721A5B0086159E /* .gitignore */,
				DB4562A520715C9E00FEE0E3 /* storageleaf */,
				DB4562A420715C9E00FEE0E3 /* Products */,
				4F571D0DAD92808D791C5A4E /* Pods */,
				1F99B8E5D747FD060E25EC81 /* Frameworks */,
			);
			sourceTree = "<group>";
		};
		DB4562A420715C9E00FEE0E3 /* Products */ = {
			isa = PBXGroup;
			children = (
				DB4562A320715C9E00FEE0E3 /* storageleaf.app */,
			);
			name = Products;
			sourceTree = "<group>";
		};
		DB4562A520715C9E00FEE0E3 /* storageleaf */ = {
			isa = PBXGroup;
			children = (
				DB4562A620715C9E00FEE0E3 /* AppDelegate.swift */,
				DB115C5620724A1D0086159E /* StorageMaterialViewController.swift */,
				DB115C522072386E0086159E /* ListMaterialViewController.swift */,
				DB115C5420723A430086159E /* ReportMaterialViewController.swift */,
				DB115C4A207209680086159E /* SaveMaterialViewController.swift */,
				DB115C4C20720E4D0086159E /* DeleteMaterialViewController.swift */,
				DB4562A820715C9E00FEE0E3 /* ViewController.swift */,
				DB4562AA20715C9E00FEE0E3 /* Main.storyboard */,
				DB4562AD20715C9E00FEE0E3 /* Assets.xcassets */,
				DB4562AF20715C9E00FEE0E3 /* LaunchScreen.storyboard */,
				DB4562B220715C9E00FEE0E3 /* Info.plist */,
				C846363B2072417600B024DD /* MaterialTableViewCell.xib */,
				C846363F20724EFA00B024DD /* MaterialTableViewCell.swift */,
			);
			path = storageleaf;
			sourceTree = "<group>";
		};
/* End PBXGroup section */

/* Begin PBXNativeTarget section */
		DB4562A220715C9E00FEE0E3 /* storageleaf */ = {
			isa = PBXNativeTarget;
			buildConfigurationList = DB4562B520715C9E00FEE0E3 /* Build configuration list for PBXNativeTarget "storageleaf" */;
			buildPhases = (
				C520271702FD4ECF18AE6F81 /* [CP] Check Pods Manifest.lock */,
				DB45629F20715C9E00FEE0E3 /* Sources */,
				DB4562A020715C9E00FEE0E3 /* Frameworks */,
				DB4562A120715C9E00FEE0E3 /* Resources */,
				35D96CCF386E50F5FEEC6A9B /* [CP] Embed Pods Frameworks */,
				1AF35ADD75CF0FBFDCEBE210 /* [CP] Copy Pods Resources */,
			);
			buildRules = (
			);
			dependencies = (
			);
			name = storageleaf;
			productName = storageleaf;
			productReference = DB4562A320715C9E00FEE0E3 /* storageleaf.app */;
			productType = "com.apple.product-type.application";
		};
/* End PBXNativeTarget section */

/* Begin PBXProject section */
		DB45629B20715C9E00FEE0E3 /* Project object */ = {
			isa = PBXProject;
			attributes = {
				LastSwiftUpdateCheck = 0920;
				LastUpgradeCheck = 0920;
				ORGANIZATIONNAME = "AYDIN AYYILDIZ";
				TargetAttributes = {
					DB4562A220715C9E00FEE0E3 = {
						CreatedOnToolsVersion = 9.2;
						ProvisioningStyle = Automatic;
					};
				};
			};
			buildConfigurationList = DB45629E20715C9E00FEE0E3 /* Build configuration list for PBXProject "storageleaf" */;
			compatibilityVersion = "Xcode 8.0";
			developmentRegion = en;
			hasScannedForEncodings = 0;
			knownRegions = (
				en,
				Base,
			);
			mainGroup = DB45629A20715C9E00FEE0E3;
			productRefGroup = DB4562A420715C9E00FEE0E3 /* Products */;
			projectDirPath = "";
			projectRoot = "";
			targets = (
				DB4562A220715C9E00FEE0E3 /* storageleaf */,
			);
		};
/* End PBXProject section */

/* Begin PBXResourcesBuildPhase section */
		DB4562A120715C9E00FEE0E3 /* Resources */ = {
			isa = PBXResourcesBuildPhase;
			buildActionMask = 2147483647;
			files = (
				C846363C2072417600B024DD /* MaterialTableViewCell.xib in Resources */,
				DB115C5120721A5B0086159E /* .gitignore in Resources */,
				DB4562B120715C9E00FEE0E3 /* LaunchScreen.storyboard in Resources */,
				DB4562AE20715C9E00FEE0E3 /* Assets.xcassets in Resources */,
				DB4562AC20715C9E00FEE0E3 /* Main.storyboard in Resources */,
			);
			runOnlyForDeploymentPostprocessing = 0;
		};
/* End PBXResourcesBuildPhase section */

/* Begin PBXShellScriptBuildPhase section */
		1AF35ADD75CF0FBFDCEBE210 /* [CP] Copy Pods Resources */ = {
			isa = PBXShellScriptBuildPhase;
			buildActionMask = 2147483647;
			files = (
			);
			inputPaths = (
			);
			name = "[CP] Copy Pods Resources";
			outputPaths = (
			);
			runOnlyForDeploymentPostprocessing = 0;
			shellPath = /bin/sh;
			shellScript = "\"${SRCROOT}/Pods/Target Support Files/Pods-storageleaf/Pods-storageleaf-resources.sh\"\n";
			showEnvVarsInLog = 0;
		};
		35D96CCF386E50F5FEEC6A9B /* [CP] Embed Pods Frameworks */ = {
			isa = PBXShellScriptBuildPhase;
			buildActionMask = 2147483647;
			files = (
			);
			inputPaths = (
			);
			name = "[CP] Embed Pods Frameworks";
			outputPaths = (
			);
			runOnlyForDeploymentPostprocessing = 0;
			shellPath = /bin/sh;
			shellScript = "\"${SRCROOT}/Pods/Target Support Files/Pods-storageleaf/Pods-storageleaf-frameworks.sh\"\n";
			showEnvVarsInLog = 0;
		};
		C520271702FD4ECF18AE6F81 /* [CP] Check Pods Manifest.lock */ = {
			isa = PBXShellScriptBuildPhase;
			buildActionMask = 2147483647;
			files = (
			);
			inputPaths = (
				"${PODS_PODFILE_DIR_PATH}/Podfile.lock",
				"${PODS_ROOT}/Manifest.lock",
			);
			name = "[CP] Check Pods Manifest.lock";
			outputPaths = (
				"$(DERIVED_FILE_DIR)/Pods-storageleaf-checkManifestLockResult.txt",
			);
			runOnlyForDeploymentPostprocessing = 0;
			shellPath = /bin/sh;
			shellScript = "diff \"${PODS_PODFILE_DIR_PATH}/Podfile.lock\" \"${PODS_ROOT}/Manifest.lock\" > /dev/null\nif [ $? != 0 ] ; then\n    # print error to STDERR\n    echo \"error: The sandbox is not in sync with the Podfile.lock. Run 'pod install' or update your CocoaPods installation.\" >&2\n    exit 1\nfi\n# This output is used by Xcode 'outputs' to avoid re-running this script phase.\necho \"SUCCESS\" > \"${SCRIPT_OUTPUT_FILE_0}\"\n";
			showEnvVarsInLog = 0;
		};
/* End PBXShellScriptBuildPhase section */

/* Begin PBXSourcesBuildPhase section */
		DB45629F20715C9E00FEE0E3 /* Sources */ = {
			isa = PBXSourcesBuildPhase;
			buildActionMask = 2147483647;
			files = (
				C846364020724EFA00B024DD /* MaterialTableViewCell.swift in Sources */,
				DB4562A920715C9E00FEE0E3 /* ViewController.swift in Sources */,
				DB115C5520723A430086159E /* ReportMaterialViewController.swift in Sources */,
				DB115C532072386E0086159E /* ListMaterialViewController.swift in Sources */,
				DB4562A720715C9E00FEE0E3 /* AppDelegate.swift in Sources */,
				DB115C5720724A1D0086159E /* StorageMaterialViewController.swift in Sources */,
				DB115C4D20720E4D0086159E /* DeleteMaterialViewController.swift in Sources */,
				DB115C4B207209680086159E /* SaveMaterialViewController.swift in Sources */,
			);
			runOnlyForDeploymentPostprocessing = 0;
		};
/* End PBXSourcesBuildPhase section */

/* Begin PBXVariantGroup section */
		DB4562AA20715C9E00FEE0E3 /* Main.storyboard */ = {
			isa = PBXVariantGroup;
			children = (
				DB4562AB20715C9E00FEE0E3 /* Base */,
			);
			name = Main.storyboard;
			sourceTree = "<group>";
		};
		DB4562AF20715C9E00FEE0E3 /* LaunchScreen.storyboard */ = {
			isa = PBXVariantGroup;
			children = (
				DB4562B020715C9E00FEE0E3 /* Base */,
			);
			name = LaunchScreen.storyboard;
			sourceTree = "<group>";
		};
/* End PBXVariantGroup section */

/* Begin XCBuildConfiguration section */
		DB4562B320715C9E00FEE0E3 /* Debug */ = {
			isa = XCBuildConfiguration;
			buildSettings = {
				ALWAYS_SEARCH_USER_PATHS = NO;
				CLANG_ANALYZER_NONNULL = YES;
				CLANG_ANALYZER_NUMBER_OBJECT_CONVERSION = YES_AGGRESSIVE;
				CLANG_CXX_LANGUAGE_STANDARD = "gnu++14";
				CLANG_CXX_LIBRARY = "libc++";
				CLANG_ENABLE_MODULES = YES;
				CLANG_ENABLE_OBJC_ARC = YES;
				CLANG_WARN_BLOCK_CAPTURE_AUTORELEASING = YES;
				CLANG_WARN_BOOL_CONVERSION = YES;
				CLANG_WARN_COMMA = YES;
				CLANG_WARN_CONSTANT_CONVERSION = YES;
				CLANG_WARN_DIRECT_OBJC_ISA_USAGE = YES_ERROR;
				CLANG_WARN_DOCUMENTATION_COMMENTS = YES;
				CLANG_WARN_EMPTY_BODY = YES;
				CLANG_WARN_ENUM_CONVERSION = YES;
				CLANG_WARN_INFINITE_RECURSION = YES;
				CLANG_WARN_INT_CONVERSION = YES;
				CLANG_WARN_NON_LITERAL_NULL_CONVERSION = YES;
				CLANG_WARN_OBJC_LITERAL_CONVERSION = YES;
				CLANG_WARN_OBJC_ROOT_CLASS = YES_ERROR;
				CLANG_WARN_RANGE_LOOP_ANALYSIS = YES;
				CLANG_WARN_STRICT_PROTOTYPES = YES;
				CLANG_WARN_SUSPICIOUS_MOVE = YES;
				CLANG_WARN_UNGUARDED_AVAILABILITY = YES_AGGRESSIVE;
				CLANG_WARN_UNREACHABLE_CODE = YES;
				CLANG_WARN__DUPLICATE_METHOD_MATCH = YES;
				CODE_SIGN_IDENTITY = "iPhone Developer";
				COPY_PHASE_STRIP = NO;
				DEBUG_INFORMATION_FORMAT = dwarf;
				ENABLE_STRICT_OBJC_MSGSEND = YES;
				ENABLE_TESTABILITY = YES;
				GCC_C_LANGUAGE_STANDARD = gnu11;
				GCC_DYNAMIC_NO_PIC = NO;
				GCC_NO_COMMON_BLOCKS = YES;
				GCC_OPTIMIZATION_LEVEL = 0;
				GCC_PREPROCESSOR_DEFINITIONS = (
					"DEBUG=1",
					"$(inherited)",
				);
				GCC_WARN_64_TO_32_BIT_CONVERSION = YES;
				GCC_WARN_ABOUT_RETURN_TYPE = YES_ERROR;
				GCC_WARN_UNDECLARED_SELECTOR = YES;
				GCC_WARN_UNINITIALIZED_AUTOS = YES_AGGRESSIVE;
				GCC_WARN_UNUSED_FUNCTION = YES;
				GCC_WARN_UNUSED_VARIABLE = YES;
				IPHONEOS_DEPLOYMENT_TARGET = 11.2;
				MTL_ENABLE_DEBUG_INFO = YES;
				ONLY_ACTIVE_ARCH = YES;
				SDKROOT = iphoneos;
				SWIFT_ACTIVE_COMPILATION_CONDITIONS = DEBUG;
				SWIFT_OPTIMIZATION_LEVEL = "-Onone";
			};
			name = Debug;
		};
		DB4562B420715C9E00FEE0E3 /* Release */ = {
			isa = XCBuildConfiguration;
			buildSettings = {
				ALWAYS_SEARCH_USER_PATHS = NO;
				CLANG_ANALYZER_NONNULL = YES;
				CLANG_ANALYZER_NUMBER_OBJECT_CONVERSION = YES_AGGRESSIVE;
				CLANG_CXX_LANGUAGE_STANDARD = "gnu++14";
				CLANG_CXX_LIBRARY = "libc++";
				CLANG_ENABLE_MODULES = YES;
				CLANG_ENABLE_OBJC_ARC = YES;
				CLANG_WARN_BLOCK_CAPTURE_AUTORELEASING = YES;
				CLANG_WARN_BOOL_CONVERSION = YES;
				CLANG_WARN_COMMA = YES;
				CLANG_WARN_CONSTANT_CONVERSION = YES;
				CLANG_WARN_DIRECT_OBJC_ISA_USAGE = YES_ERROR;
				CLANG_WARN_DOCUMENTATION_COMMENTS = YES;
				CLANG_WARN_EMPTY_BODY = YES;
				CLANG_WARN_ENUM_CONVERSION = YES;
				CLANG_WARN_INFINITE_RECURSION = YES;
				CLANG_WARN_INT_CONVERSION = YES;
				CLANG_WARN_NON_LITERAL_NULL_CONVERSION = YES;
				CLANG_WARN_OBJC_LITERAL_CONVERSION = YES;
				CLANG_WARN_OBJC_ROOT_CLASS = YES_ERROR;
				CLANG_WARN_RANGE_LOOP_ANALYSIS = YES;
				CLANG_WARN_STRICT_PROTOTYPES = YES;
				CLANG_WARN_SUSPICIOUS_MOVE = YES;
				CLANG_WARN_UNGUARDED_AVAILABILITY = YES_AGGRESSIVE;
				CLANG_WARN_UNREACHABLE_CODE = YES;
				CLANG_WARN__DUPLICATE_METHOD_MATCH = YES;
				CODE_SIGN_IDENTITY = "iPhone Developer";
				COPY_PHASE_STRIP = NO;
				DEBUG_INFORMATION_FORMAT = "dwarf-with-dsym";
				ENABLE_NS_ASSERTIONS = NO;
				ENABLE_STRICT_OBJC_MSGSEND = YES;
				GCC_C_LANGUAGE_STANDARD = gnu11;
				GCC_NO_COMMON_BLOCKS = YES;
				GCC_WARN_64_TO_32_BIT_CONVERSION = YES;
				GCC_WARN_ABOUT_RETURN_TYPE = YES_ERROR;
				GCC_WARN_UNDECLARED_SELECTOR = YES;
				GCC_WARN_UNINITIALIZED_AUTOS = YES_AGGRESSIVE;
				GCC_WARN_UNUSED_FUNCTION = YES;
				GCC_WARN_UNUSED_VARIABLE = YES;
				IPHONEOS_DEPLOYMENT_TARGET = 11.2;
				MTL_ENABLE_DEBUG_INFO = NO;
				SDKROOT = iphoneos;
				SWIFT_OPTIMIZATION_LEVEL = "-Owholemodule";
				VALIDATE_PRODUCT = YES;
			};
			name = Release;
		};
		DB4562B620715C9E00FEE0E3 /* Debug */ = {
			isa = XCBuildConfiguration;
			baseConfigurationReference = 95BC16D7558E812C2FA838F0 /* Pods-storageleaf.debug.xcconfig */;
			buildSettings = {
				ASSETCATALOG_COMPILER_APPICON_NAME = AppIcon;
				CODE_SIGN_STYLE = Automatic;
				INFOPLIST_FILE = storageleaf/Info.plist;
				LD_RUNPATH_SEARCH_PATHS = "$(inherited) @executable_path/Frameworks";
				PRODUCT_BUNDLE_IDENTIFIER = aayyild1.cloud.storageleaf;
				PRODUCT_NAME = "$(TARGET_NAME)";
				SWIFT_VERSION = 4.0;
				TARGETED_DEVICE_FAMILY = "1,2";
			};
			name = Debug;
		};
		DB4562B720715C9E00FEE0E3 /* Release */ = {
			isa = XCBuildConfiguration;
			baseConfigurationReference = ABAF2B2F215858A2A850E784 /* Pods-storageleaf.release.xcconfig */;
			buildSettings = {
				ASSETCATALOG_COMPILER_APPICON_NAME = AppIcon;
				CODE_SIGN_STYLE = Automatic;
				INFOPLIST_FILE = storageleaf/Info.plist;
				LD_RUNPATH_SEARCH_PATHS = "$(inherited) @executable_path/Frameworks";
				PRODUCT_BUNDLE_IDENTIFIER = aayyild1.cloud.storageleaf;
				PRODUCT_NAME = "$(TARGET_NAME)";
				SWIFT_VERSION = 4.0;
				TARGETED_DEVICE_FAMILY = "1,2";
			};
			name = Release;
		};
/* End XCBuildConfiguration section */

/* Begin XCConfigurationList section */
		DB45629E20715C9E00FEE0E3 /* Build configuration list for PBXProject "storageleaf" */ = {
			isa = XCConfigurationList;
			buildConfigurations = (
				DB4562B320715C9E00FEE0E3 /* Debug */,
				DB4562B420715C9E00FEE0E3 /* Release */,
			);
			defaultConfigurationIsVisible = 0;
			defaultConfigurationName = Release;
		};
		DB4562B520715C9E00FEE0E3 /* Build configuration list for PBXNativeTarget "storageleaf" */ = {
			isa = XCConfigurationList;
			buildConfigurations = (
				DB4562B620715C9E00FEE0E3 /* Debug */,
				DB4562B720715C9E00FEE0E3 /* Release */,
			);
			defaultConfigurationIsVisible = 0;
			defaultConfigurationName = Release;
		};
/* End XCConfigurationList section */
	};
	rootObject = DB45629B20715C9E00FEE0E3 /* Project object */;
}
